
Microsoft Visual Studio Solution File, Format Version 12.00
# Visual Studio Version 16
VisualStudioVersion = 16.0.28922.388
MinimumVisualStudioVersion = 10.0.40219.1
Project("{FAE04EC0-301F-11D3-BF4B-00C04F79EFBC}") = "COMP123-S2019-Lab10-301051523", "COMP123-S2019-Lab10-301051523\COMP123-S2019-Lab10-301051523.csproj", "{969F25FD-061E-4A04-8A97-9ED1E7AA7864}"
EndProject
Global
	GlobalSection(SolutionConfigurationPlatforms) = preSolution
		Debug|Any CPU = Debug|Any CPU
		Release|Any CPU = Release|Any CPU
	EndGlobalSection
	GlobalSection(ProjectConfigurationPlatforms) = postSolution
		{969F25FD-061E-4A04-8A97-9ED1E7AA7864}.Debug|Any CPU.ActiveCfg = Debug|Any CPU
		{969F25FD-061E-4A04-8A97-9ED1E7AA7864}.Debug|Any CPU.Build.0 = Debug|Any CPU
		{969F25FD-061E-4A04-8A97-9ED1E7AA7864}.Release|Any CPU.ActiveCfg = Release|Any CPU
		{969F25FD-061E-4A04-8A97-9ED1E7AA7864}.Release|Any CPU.Build.0 = Release|Any CPU
	EndGlobalSection
	GlobalSection(SolutionProperties) = preSolution
		HideSolutionNode = FALSE
	EndGlobalSection
	GlobalSection(ExtensibilityGlobals) = postSolution
		SolutionGuid = {72E5D63F-8811-4475-8EA2-0C96C9395286}
	EndGlobalSection
EndGlobal
